
Microsoft Visual Studio Solution File, Format Version 12.00
# Visual Studio Version 17
VisualStudioVersion = 17.0.32014.148
MinimumVisualStudioVersion = 10.0.40219.1
Project("{FAE04EC0-301F-11D3-BF4B-00C04F79EFBC}") = "Exercice.MonApi", "Exercice.MonApi\Exercice.MonApi.csproj", "{5622EC54-7F49-4339-8916-B88830EB986B}"
EndProject
Project("{FAE04EC0-301F-11D3-BF4B-00C04F79EFBC}") = "Exercice.Model", "Exercice.Model\Exercice.Model.csproj", "{3060D528-C927-42F8-AC21-9C984087BD17}"
EndProject
Project("{FAE04EC0-301F-11D3-BF4B-00C04F79EFBC}") = "Exercice.Dto", "Exercice.Dto\Exercice.Dto.csproj", "{63806C75-79C2-411B-9162-81C84AF92902}"
EndProject
Project("{FAE04EC0-301F-11D3-BF4B-00C04F79EFBC}") = "Exercice.Persistance", "Exercice.Persistance\Exercice.Persistance.csproj", "{4EE1FADC-96DE-4188-A1EB-168E99BCE3D6}"
EndProject
Project("{FAE04EC0-301F-11D3-BF4B-00C04F79EFBC}") = "Exercice.Wpf", "Exercice.Wpf\Exercice.Wpf.csproj", "{C64A6701-0C3F-4C23-9057-BCEEC37439AF}"
EndProject
Global
	GlobalSection(SolutionConfigurationPlatforms) = preSolution
		Debug|Any CPU = Debug|Any CPU
		Release|Any CPU = Release|Any CPU
	EndGlobalSection
	GlobalSection(ProjectConfigurationPlatforms) = postSolution
		{5622EC54-7F49-4339-8916-B88830EB986B}.Debug|Any CPU.ActiveCfg = Debug|Any CPU
		{5622EC54-7F49-4339-8916-B88830EB986B}.Debug|Any CPU.Build.0 = Debug|Any CPU
		{5622EC54-7F49-4339-8916-B88830EB986B}.Release|Any CPU.ActiveCfg = Release|Any CPU
		{5622EC54-7F49-4339-8916-B88830EB986B}.Release|Any CPU.Build.0 = Release|Any CPU
		{3060D528-C927-42F8-AC21-9C984087BD17}.Debug|Any CPU.ActiveCfg = Debug|Any CPU
		{3060D528-C927-42F8-AC21-9C984087BD17}.Debug|Any CPU.Build.0 = Debug|Any CPU
		{3060D528-C927-42F8-AC21-9C984087BD17}.Release|Any CPU.ActiveCfg = Release|Any CPU
		{3060D528-C927-42F8-AC21-9C984087BD17}.Release|Any CPU.Build.0 = Release|Any CPU
		{63806C75-79C2-411B-9162-81C84AF92902}.Debug|Any CPU.ActiveCfg = Debug|Any CPU
		{63806C75-79C2-411B-9162-81C84AF92902}.Debug|Any CPU.Build.0 = Debug|Any CPU
		{63806C75-79C2-411B-9162-81C84AF92902}.Release|Any CPU.ActiveCfg = Release|Any CPU
		{63806C75-79C2-411B-9162-81C84AF92902}.Release|Any CPU.Build.0 = Release|Any CPU
		{4EE1FADC-96DE-4188-A1EB-168E99BCE3D6}.Debug|Any CPU.ActiveCfg = Debug|Any CPU
		{4EE1FADC-96DE-4188-A1EB-168E99BCE3D6}.Debug|Any CPU.Build.0 = Debug|Any CPU
		{4EE1FADC-96DE-4188-A1EB-168E99BCE3D6}.Release|Any CPU.ActiveCfg = Release|Any CPU
		{4EE1FADC-96DE-4188-A1EB-168E99BCE3D6}.Release|Any CPU.Build.0 = Release|Any CPU
		{C64A6701-0C3F-4C23-9057-BCEEC37439AF}.Debug|Any CPU.ActiveCfg = Debug|Any CPU
		{C64A6701-0C3F-4C23-9057-BCEEC37439AF}.Debug|Any CPU.Build.0 = Debug|Any CPU
		{C64A6701-0C3F-4C23-9057-BCEEC37439AF}.Release|Any CPU.ActiveCfg = Release|Any CPU
		{C64A6701-0C3F-4C23-9057-BCEEC37439AF}.Release|Any CPU.Build.0 = Release|Any CPU
	EndGlobalSection
	GlobalSection(SolutionProperties) = preSolution
		HideSolutionNode = FALSE
	EndGlobalSection
	GlobalSection(ExtensibilityGlobals) = postSolution
		SolutionGuid = {18BD9D25-7C82-4C70-BC4A-63B2DBDFF7EF}
	EndGlobalSection
EndGlobal
